// !$*UTF8*$!
{
	archiveVersion = 1;
	classes = {
	};
	objectVersion = 46;
	objects = {

/* Begin PBXBuildFile section */
		6D64588B1EAF1405004F534E /* AppDelegate.swift in Sources */ = {isa = PBXBuildFile; fileRef = 6D64588A1EAF1405004F534E /* AppDelegate.swift */; };
		6D64588D1EAF1405004F534E /* ViewController.swift in Sources */ = {isa = PBXBuildFile; fileRef = 6D64588C1EAF1405004F534E /* ViewController.swift */; };
		6D6458901EAF1405004F534E /* Main.storyboard in Resources */ = {isa = PBXBuildFile; fileRef = 6D64588E1EAF1405004F534E /* Main.storyboard */; };
		6D6458921EAF1405004F534E /* Assets.xcassets in Resources */ = {isa = PBXBuildFile; fileRef = 6D6458911EAF1405004F534E /* Assets.xcassets */; };
		6D6458951EAF1405004F534E /* LaunchScreen.storyboard in Resources */ = {isa = PBXBuildFile; fileRef = 6D6458931EAF1405004F534E /* LaunchScreen.storyboard */; };
		6D6458A01EAF1405004F534E /* iKidTests.swift in Sources */ = {isa = PBXBuildFile; fileRef = 6D64589F1EAF1405004F534E /* iKidTests.swift */; };
/* End PBXBuildFile section */

/* Begin PBXContainerItemProxy section */
		6D64589C1EAF1405004F534E /* PBXContainerItemProxy */ = {
			isa = PBXContainerItemProxy;
			containerPortal = 6D64587F1EAF1405004F534E /* Project object */;
			proxyType = 1;
			remoteGlobalIDString = 6D6458861EAF1405004F534E;
			remoteInfo = iKid;
		};
/* End PBXContainerItemProxy section */

/* Begin PBXFileReference section */
		6D6458871EAF1405004F534E /* iKid.app */ = {isa = PBXFileReference; explicitFileType = wrapper.application; includeInIndex = 0; path = iKid.app; sourceTree = BUILT_PRODUCTS_DIR; };
		6D64588A1EAF1405004F534E /* AppDelegate.swift */ = {isa = PBXFileReference; lastKnownFileType = sourcecode.swift; path = AppDelegate.swift; sourceTree = "<group>"; };
		6D64588C1EAF1405004F534E /* ViewController.swift */ = {isa = PBXFileReference; lastKnownFileType = sourcecode.swift; path = ViewController.swift; sourceTree = "<group>"; };
		6D64588F1EAF1405004F534E /* Base */ = {isa = PBXFileReference; lastKnownFileType = file.storyboard; name = Base; path = Base.lproj/Main.storyboard; sourceTree = "<group>"; };
		6D6458911EAF1405004F534E /* Assets.xcassets */ = {isa = PBXFileReference; lastKnownFileType = folder.assetcatalog; path = Assets.xcassets; sourceTree = "<group>"; };
		6D6458941EAF1405004F534E /* Base */ = {isa = PBXFileReference; lastKnownFileType = file.storyboard; name = Base; path = Base.lproj/LaunchScreen.storyboard; sourceTree = "<group>"; };
		6D6458961EAF1405004F534E /* Info.plist */ = {isa = PBXFileReference; lastKnownFileType = text.plist.xml; path = Info.plist; sourceTree = "<group>"; };
		6D64589B1EAF1405004F534E /* iKidTests.xctest */ = {isa = PBXFileReference; explicitFileType = wrapper.cfbundle; includeInIndex = 0; path = iKidTests.xctest; sourceTree = BUILT_PRODUCTS_DIR; };
		6D64589F1EAF1405004F534E /* iKidTests.swift */ = {isa = PBXFileReference; lastKnownFileType = sourcecode.swift; path = iKidTests.swift; sourceTree = "<group>"; };
		6D6458A11EAF1405004F534E /* Info.plist */ = {isa = PBXFileReference; lastKnownFileType = text.plist.xml; path = Info.plist; sourceTree = "<group>"; };
/* End PBXFileReference section */

/* Begin PBXFrameworksBuildPhase section */
		6D6458841EAF1405004F534E /* Frameworks */ = {
			isa = PBXFrameworksBuildPhase;
			buildActionMask = 2147483647;
			files = (
			);
			runOnlyForDeploymentPostprocessing = 0;
		};
		6D6458981EAF1405004F534E /* Frameworks */ = {
			isa = PBXFrameworksBuildPhase;
			buildActionMask = 2147483647;
			files = (
			);
			runOnlyForDeploymentPostprocessing = 0;
		};
/* End PBXFrameworksBuildPhase section */

/* Begin PBXGroup section */
		6D64587E1EAF1405004F534E = {
			isa = PBXGroup;
			children = (
				6D6458891EAF1405004F534E /* iKid */,
				6D64589E1EAF1405004F534E /* iKidTests */,
				6D6458881EAF1405004F534E /* Products */,
			);
			sourceTree = "<group>";
		};
		6D6458881EAF1405004F534E /* Products */ = {
			isa = PBXGroup;
			children = (
				6D6458871EAF1405004F534E /* iKid.app */,
				6D64589B1EAF1405004F534E /* iKidTests.xctest */,
			);
			name = Products;
			sourceTree = "<group>";
		};
		6D6458891EAF1405004F534E /* iKid */ = {
			isa = PBXGroup;
			children = (
				6D64588A1EAF1405004F534E /* AppDelegate.swift */,
				6D64588C1EAF1405004F534E /* ViewController.swift */,
				6D64588E1EAF1405004F534E /* Main.storyboard */,
				6D6458911EAF1405004F534E /* Assets.xcassets */,
				6D6458931EAF1405004F534E /* LaunchScreen.storyboard */,
				6D6458961EAF1405004F534E /* Info.plist */,
			);
			path = iKid;
			sourceTree = "<group>";
		};
		6D64589E1EAF1405004F534E /* iKidTests */ = {
			isa = PBXGroup;
			children = (
				6D64589F1EAF1405004F534E /* iKidTests.swift */,
				6D6458A11EAF1405004F534E /* Info.plist */,
			);
			path = iKidTests;
			sourceTree = "<group>";
		};
/* End PBXGroup section */

/* Begin PBXNativeTarget section */
		6D6458861EAF1405004F534E /* iKid */ = {
			isa = PBXNativeTarget;
			buildConfigurationList = 6D6458A41EAF1405004F534E /* Build configuration list for PBXNativeTarget "iKid" */;
			buildPhases = (
				6D6458831EAF1405004F534E /* Sources */,
				6D6458841EAF1405004F534E /* Frameworks */,
				6D6458851EAF1405004F534E /* Resources */,
			);
			buildRules = (
			);
			dependencies = (
			);
			name = iKid;
			productName = iKid;
			productReference = 6D6458871EAF1405004F534E /* iKid.app */;
			productType = "com.apple.product-type.application";
		};
		6D64589A1EAF1405004F534E /* iKidTests */ = {
			isa = PBXNativeTarget;
			buildConfigurationList = 6D6458A71EAF1405004F534E /* Build configuration list for PBXNativeTarget "iKidTests" */;
			buildPhases = (
				6D6458971EAF1405004F534E /* Sources */,
				6D6458981EAF1405004F534E /* Frameworks */,
				6D6458991EAF1405004F534E /* Resources */,
			);
			buildRules = (
			);
			dependencies = (
				6D64589D1EAF1405004F534E /* PBXTargetDependency */,
			);
			name = iKidTests;
			productName = iKidTests;
			productReference = 6D64589B1EAF1405004F534E /* iKidTests.xctest */;
			productType = "com.apple.product-type.bundle.unit-test";
		};
/* End PBXNativeTarget section */

/* Begin PBXProject section */
		6D64587F1EAF1405004F534E /* Project object */ = {
			isa = PBXProject;
			attributes = {
				LastSwiftUpdateCheck = 0830;
				LastUpgradeCheck = 0830;
				ORGANIZATIONNAME = "Sabrina Niklaus";
				TargetAttributes = {
					6D6458861EAF1405004F534E = {
						CreatedOnToolsVersion = 8.3.1;
						ProvisioningStyle = Automatic;
					};
					6D64589A1EAF1405004F534E = {
						CreatedOnToolsVersion = 8.3.1;
						ProvisioningStyle = Automatic;
						TestTargetID = 6D6458861EAF1405004F534E;
					};
				};
			};
			buildConfigurationList = 6D6458821EAF1405004F534E /* Build configuration list for PBXProject "iKid" */;
			compatibilityVersion = "Xcode 3.2";
			developmentRegion = English;
			hasScannedForEncodings = 0;
			knownRegions = (
				en,
				Base,
			);
			mainGroup = 6D64587E1EAF1405004F534E;
			productRefGroup = 6D6458881EAF1405004F534E /* Products */;
			projectDirPath = "";
			projectRoot = "";
			targets = (
				6D6458861EAF1405004F534E /* iKid */,
				6D64589A1EAF1405004F534E /* iKidTests */,
			);
		};
/* End PBXProject section */

/* Begin PBXResourcesBuildPhase section */
		6D6458851EAF1405004F534E /* Resources */ = {
			isa = PBXResourcesBuildPhase;
			buildActionMask = 2147483647;
			files = (
				6D6458951EAF1405004F534E /* LaunchScreen.storyboard in Resources */,
				6D6458921EAF1405004F534E /* Assets.xcassets in Resources */,
				6D6458901EAF1405004F534E /* Main.storyboard in Resources */,
			);
			runOnlyForDeploymentPostprocessing = 0;
		};
		6D6458991EAF1405004F534E /* Resources */ = {
			isa = PBXResourcesBuildPhase;
			buildActionMask = 2147483647;
			files = (
			);
			runOnlyForDeploymentPostprocessing = 0;
		};
/* End PBXResourcesBuildPhase section */

/* Begin PBXSourcesBuildPhase section */
		6D6458831EAF1405004F534E /* Sources */ = {
			isa = PBXSourcesBuildPhase;
			buildActionMask = 2147483647;
			files = (
				6D64588D1EAF1405004F534E /* ViewController.swift in Sources */,
				6D64588B1EAF1405004F534E /* AppDelegate.swift in Sources */,
			);
			runOnlyForDeploymentPostprocessing = 0;
		};
		6D6458971EAF1405004F534E /* Sources */ = {
			isa = PBXSourcesBuildPhase;
			buildActionMask = 2147483647;
			files = (
				6D6458A01EAF1405004F534E /* iKidTests.swift in Sources */,
			);
			runOnlyForDeploymentPostprocessing = 0;
		};
/* End PBXSourcesBuildPhase section */

/* Begin PBXTargetDependency section */
		6D64589D1EAF1405004F534E /* PBXTargetDependency */ = {
			isa = PBXTargetDependency;
			target = 6D6458861EAF1405004F534E /* iKid */;
			targetProxy = 6D64589C1EAF1405004F534E /* PBXContainerItemProxy */;
		};
/* End PBXTargetDependency section */

/* Begin PBXVariantGroup section */
		6D64588E1EAF1405004F534E /* Main.storyboard */ = {
			isa = PBXVariantGroup;
			children = (
				6D64588F1EAF1405004F534E /* Base */,
			);
			name = Main.storyboard;
			sourceTree = "<group>";
		};
		6D6458931EAF1405004F534E /* LaunchScreen.storyboard */ = {
			isa = PBXVariantGroup;
			children = (
				6D6458941EAF1405004F534E /* Base */,
			);
			name = LaunchScreen.storyboard;
			sourceTree = "<group>";
		};
/* End PBXVariantGroup section */

/* Begin XCBuildConfiguration section */
		6D6458A21EAF1405004F534E /* Debug */ = {
			isa = XCBuildConfiguration;
			buildSettings = {
				ALWAYS_SEARCH_USER_PATHS = NO;
				CLANG_ANALYZER_NONNULL = YES;
				CLANG_ANALYZER_NUMBER_OBJECT_CONVERSION = YES_AGGRESSIVE;
				CLANG_CXX_LANGUAGE_STANDARD = "gnu++0x";
				CLANG_CXX_LIBRARY = "libc++";
				CLANG_ENABLE_MODULES = YES;
				CLANG_ENABLE_OBJC_ARC = YES;
				CLANG_WARN_BOOL_CONVERSION = YES;
				CLANG_WARN_CONSTANT_CONVERSION = YES;
				CLANG_WARN_DIRECT_OBJC_ISA_USAGE = YES_ERROR;
				CLANG_WARN_DOCUMENTATION_COMMENTS = YES;
				CLANG_WARN_EMPTY_BODY = YES;
				CLANG_WARN_ENUM_CONVERSION = YES;
				CLANG_WARN_INFINITE_RECURSION = YES;
				CLANG_WARN_INT_CONVERSION = YES;
				CLANG_WARN_OBJC_ROOT_CLASS = YES_ERROR;
				CLANG_WARN_SUSPICIOUS_MOVE = YES;
				CLANG_WARN_UNREACHABLE_CODE = YES;
				CLANG_WARN__DUPLICATE_METHOD_MATCH = YES;
				"CODE_SIGN_IDENTITY[sdk=iphoneos*]" = "iPhone Developer";
				COPY_PHASE_STRIP = NO;
				DEBUG_INFORMATION_FORMAT = dwarf;
				ENABLE_STRICT_OBJC_MSGSEND = YES;
				ENABLE_TESTABILITY = YES;
				GCC_C_LANGUAGE_STANDARD = gnu99;
				GCC_DYNAMIC_NO_PIC = NO;
				GCC_NO_COMMON_BLOCKS = YES;
				GCC_OPTIMIZATION_LEVEL = 0;
				GCC_PREPROCESSOR_DEFINITIONS = (
					"DEBUG=1",
					"$(inherited)",
				);
				GCC_WARN_64_TO_32_BIT_CONVERSION = YES;
				GCC_WARN_ABOUT_RETURN_TYPE = YES_ERROR;
				GCC_WARN_UNDECLARED_SELECTOR = YES;
				GCC_WARN_UNINITIALIZED_AUTOS = YES_AGGRESSIVE;
				GCC_WARN_UNUSED_FUNCTION = YES;
				GCC_WARN_UNUSED_VARIABLE = YES;
				IPHONEOS_DEPLOYMENT_TARGET = 10.3;
				MTL_ENABLE_DEBUG_INFO = YES;
				ONLY_ACTIVE_ARCH = YES;
				SDKROOT = iphoneos;
				SWIFT_ACTIVE_COMPILATION_CONDITIONS = DEBUG;
				SWIFT_OPTIMIZATION_LEVEL = "-Onone";
				TARGETED_DEVICE_FAMILY = "1,2";
			};
			name = Debug;
		};
		6D6458A31EAF1405004F534E /* Release */ = {
			isa = XCBuildConfiguration;
			buildSettings = {
				ALWAYS_SEARCH_USER_PATHS = NO;
				CLANG_ANALYZER_NONNULL = YES;
				CLANG_ANALYZER_NUMBER_OBJECT_CONVERSION = YES_AGGRESSIVE;
				CLANG_CXX_LANGUAGE_STANDARD = "gnu++0x";
				CLANG_CXX_LIBRARY = "libc++";
				CLANG_ENABLE_MODULES = YES;
				CLANG_ENABLE_OBJC_ARC = YES;
				CLANG_WARN_BOOL_CONVERSION = YES;
				CLANG_WARN_CONSTANT_CONVERSION = YES;
				CLANG_WARN_DIRECT_OBJC_ISA_USAGE = YES_ERROR;
				CLANG_WARN_DOCUMENTATION_COMMENTS = YES;
				CLANG_WARN_EMPTY_BODY = YES;
				CLANG_WARN_ENUM_CONVERSION = YES;
				CLANG_WARN_INFINITE_RECURSION = YES;
				CLANG_WARN_INT_CONVERSION = YES;
				CLANG_WARN_OBJC_ROOT_CLASS = YES_ERROR;
				CLANG_WARN_SUSPICIOUS_MOVE = YES;
				CLANG_WARN_UNREACHABLE_CODE = YES;
				CLANG_WARN__DUPLICATE_METHOD_MATCH = YES;
				"CODE_SIGN_IDENTITY[sdk=iphoneos*]" = "iPhone Developer";
				COPY_PHASE_STRIP = NO;
				DEBUG_INFORMATION_FORMAT = "dwarf-with-dsym";
				ENABLE_NS_ASSERTIONS = NO;
				ENABLE_STRICT_OBJC_MSGSEND = YES;
				GCC_C_LANGUAGE_STANDARD = gnu99;
				GCC_NO_COMMON_BLOCKS = YES;
				GCC_WARN_64_TO_32_BIT_CONVERSION = YES;
				GCC_WARN_ABOUT_RETURN_TYPE = YES_ERROR;
				GCC_WARN_UNDECLARED_SELECTOR = YES;
				GCC_WARN_UNINITIALIZED_AUTOS = YES_AGGRESSIVE;
				GCC_WARN_UNUSED_FUNCTION = YES;
				GCC_WARN_UNUSED_VARIABLE = YES;
				IPHONEOS_DEPLOYMENT_TARGET = 10.3;
				MTL_ENABLE_DEBUG_INFO = NO;
				SDKROOT = iphoneos;
				SWIFT_OPTIMIZATION_LEVEL = "-Owholemodule";
				TARGETED_DEVICE_FAMILY = "1,2";
				VALIDATE_PRODUCT = YES;
			};
			name = Release;
		};
		6D6458A51EAF1405004F534E /* Debug */ = {
			isa = XCBuildConfiguration;
			buildSettings = {
				ASSETCATALOG_COMPILER_APPICON_NAME = AppIcon;
				INFOPLIST_FILE = iKid/Info.plist;
				LD_RUNPATH_SEARCH_PATHS = "$(inherited) @executable_path/Frameworks";
				PRODUCT_BUNDLE_IDENTIFIER = com.sabrinaniklaus.iKid;
				PRODUCT_NAME = "$(TARGET_NAME)";
				SWIFT_VERSION = 3.0;
			};
			name = Debug;
		};
		6D6458A61EAF1405004F534E /* Release */ = {
			isa = XCBuildConfiguration;
			buildSettings = {
				ASSETCATALOG_COMPILER_APPICON_NAME = AppIcon;
				INFOPLIST_FILE = iKid/Info.plist;
				LD_RUNPATH_SEARCH_PATHS = "$(inherited) @executable_path/Frameworks";
				PRODUCT_BUNDLE_IDENTIFIER = com.sabrinaniklaus.iKid;
				PRODUCT_NAME = "$(TARGET_NAME)";
				SWIFT_VERSION = 3.0;
			};
			name = Release;
		};
		6D6458A81EAF1405004F534E /* Debug */ = {
			isa = XCBuildConfiguration;
			buildSettings = {
				ALWAYS_EMBED_SWIFT_STANDARD_LIBRARIES = YES;
				BUNDLE_LOADER = "$(TEST_HOST)";
				INFOPLIST_FILE = iKidTests/Info.plist;
				LD_RUNPATH_SEARCH_PATHS = "$(inherited) @executable_path/Frameworks @loader_path/Frameworks";
				PRODUCT_BUNDLE_IDENTIFIER = com.sabrinaniklaus.iKidTests;
				PRODUCT_NAME = "$(TARGET_NAME)";
				SWIFT_VERSION = 3.0;
				TEST_HOST = "$(BUILT_PRODUCTS_DIR)/iKid.app/iKid";
			};
			name = Debug;
		};
		6D6458A91EAF1405004F534E /* Release */ = {
			isa = XCBuildConfiguration;
			buildSettings = {
				ALWAYS_EMBED_SWIFT_STANDARD_LIBRARIES = YES;
				BUNDLE_LOADER = "$(TEST_HOST)";
				INFOPLIST_FILE = iKidTests/Info.plist;
				LD_RUNPATH_SEARCH_PATHS = "$(inherited) @executable_path/Frameworks @loader_path/Frameworks";
				PRODUCT_BUNDLE_IDENTIFIER = com.sabrinaniklaus.iKidTests;
				PRODUCT_NAME = "$(TARGET_NAME)";
				SWIFT_VERSION = 3.0;
				TEST_HOST = "$(BUILT_PRODUCTS_DIR)/iKid.app/iKid";
			};
			name = Release;
		};
/* End XCBuildConfiguration section */

/* Begin XCConfigurationList section */
		6D6458821EAF1405004F534E /* Build configuration list for PBXProject "iKid" */ = {
			isa = XCConfigurationList;
			buildConfigurations = (
				6D6458A21EAF1405004F534E /* Debug */,
				6D6458A31EAF1405004F534E /* Release */,
			);
			defaultConfigurationIsVisible = 0;
			defaultConfigurationName = Release;
		};
		6D6458A41EAF1405004F534E /* Build configuration list for PBXNativeTarget "iKid" */ = {
			isa = XCConfigurationList;
			buildConfigurations = (
				6D6458A51EAF1405004F534E /* Debug */,
				6D6458A61EAF1405004F534E /* Release */,
			);
			defaultConfigurationIsVisible = 0;
		};
		6D6458A71EAF1405004F534E /* Build configuration list for PBXNativeTarget "iKidTests" */ = {
			isa = XCConfigurationList;
			buildConfigurations = (
				6D6458A81EAF1405004F534E /* Debug */,
				6D6458A91EAF1405004F534E /* Release */,
			);
			defaultConfigurationIsVisible = 0;
		};
/* End XCConfigurationList section */
	};
	rootObject = 6D64587F1EAF1405004F534E /* Project object */;
}
